
Microsoft Visual Studio Solution File, Format Version 12.00
# Visual Studio Version 16
VisualStudioVersion = 16.0.28803.156
MinimumVisualStudioVersion = 10.0.40219.1
Project("{FAE04EC0-301F-11D3-BF4B-00C04F79EFBC}") = "SDKClient", "SDKClient\SDKClient.csproj", "{0942AE47-53A5-45D0-840E-8B8A31981AFA}"
EndProject
Project("{FAE04EC0-301F-11D3-BF4B-00C04F79EFBC}") = "SuperSocket.ClientEngine.Net45", "SuperSocket.ClientEngine-master\SuperSocket.ClientEngine.Net45.csproj", "{8BBFBE4A-B91A-4DCC-92D5-FB0436E2544F}"
EndProject
Project("{FAE04EC0-301F-11D3-BF4B-00C04F79EFBC}") = "SuperSocket.ProtoBase.Net45", "SuperSocket.ProtoBase-master\src\SuperSocket.ProtoBase.Net45.csproj", "{092DFE24-997A-41E3-9602-B5D52D3749DD}"
EndProject
Project("{FAE04EC0-301F-11D3-BF4B-00C04F79EFBC}") = "ToolGood.Words", "ToolGood.Words-master\ToolGood.Words\ToolGood.Words.csproj", "{4A5BA2B0-8C34-4891-89BC-F1536AE424D1}"
EndProject
Project("{FAE04EC0-301F-11D3-BF4B-00C04F79EFBC}") = "IM.Emoje", "IM.Emoje\IM.Emoje.csproj", "{9F2EF0DD-AFF2-4733-A920-71A82935FB23}"
EndProject
Project("{FAE04EC0-301F-11D3-BF4B-00C04F79EFBC}") = "Util", "Util\Util.csproj", "{F92B3886-A0BC-4A73-8449-73C602B66056}"
EndProject
Project("{FAE04EC0-301F-11D3-BF4B-00C04F79EFBC}") = "IMLaunch", "IMLaunch\IMLaunch.csproj", "{A18E926D-ABA4-4D79-BDE6-97474DF6BFDA}"
EndProject
Project("{FAE04EC0-301F-11D3-BF4B-00C04F79EFBC}") = "IMResources", "IMResources\IMResources.csproj", "{9FAC8515-AC93-4C8A-873B-368C89C1503B}"
EndProject
Project("{FAE04EC0-301F-11D3-BF4B-00C04F79EFBC}") = "mjb.CustomControls", "mjb.CustomControls\mjb.CustomControls.csproj", "{DFE86BF9-AE5C-46B9-8436-227285E75E6C}"
EndProject
Project("{9A19103F-16F7-4668-BE54-9A1E7A4F7556}") = "01-Util.Tools.QrCode", "Util.Tools.QrCode\01-Util.Tools.QrCode.csproj", "{21119D1F-B00F-4936-9794-569F83DA5C03}"
EndProject
Project("{FAE04EC0-301F-11D3-BF4B-00C04F79EFBC}") = "Util.Tools.ImageOptimizer", "Util.Tools.Image\Util.Tools.ImageOptimizer.csproj", "{201E614B-7EAC-4FAD-820C-917ECE8BB1C1}"
EndProject
Project("{2150E333-8FDC-42A3-9474-1A3956D46DE8}") = "IMPC", "IMPC", "{CAC77836-7320-4482-AF86-1C7DE17F1873}"
EndProject
Project("{FAE04EC0-301F-11D3-BF4B-00C04F79EFBC}") = "IMAssets", "IMPC\IMAssets\IMAssets.csproj", "{2C56B218-D689-4795-B666-BA5FF3134387}"
EndProject
Project("{FAE04EC0-301F-11D3-BF4B-00C04F79EFBC}") = "IMClient", "IMPC\IMClient\IMClient.csproj", "{FD58F582-A740-4A07-AE7E-DB37E7EC6537}"
EndProject
Project("{FAE04EC0-301F-11D3-BF4B-00C04F79EFBC}") = "IMCustomControls", "IMPC\IMCustomControls\IMCustomControls.csproj", "{2C55F559-9171-4583-B79B-FC0E6DD8A176}"
EndProject
Project("{FAE04EC0-301F-11D3-BF4B-00C04F79EFBC}") = "IMModels", "IMPC\IMModels\IMModels.csproj", "{68E97FE2-10F9-49AE-974E-3E4721FF1889}"
EndProject
Project("{FAE04EC0-301F-11D3-BF4B-00C04F79EFBC}") = "SuperSocket.Common.Net45", "Common\SuperSocket.Common.Net45.csproj", "{A24F4D38-BA9C-4FD6-95B7-4980DE36131A}"
EndProject
Project("{FAE04EC0-301F-11D3-BF4B-00C04F79EFBC}") = "SuperSocket.Facility.Net45", "Facility\SuperSocket.Facility.Net45.csproj", "{01987BAC-C498-44DD-B274-62EA2506B51D}"
EndProject
Project("{FAE04EC0-301F-11D3-BF4B-00C04F79EFBC}") = "SuperSocket.SocketBase.Net45", "SocketBase\SuperSocket.SocketBase.Net45.csproj", "{40B77789-EA11-4C05-8F52-86711D7BCAAF}"
EndProject
Project("{2150E333-8FDC-42A3-9474-1A3956D46DE8}") = "CustomerService", "CustomerService", "{BD0BEDAB-3B95-4FE6-96B8-DAA6D5FF9FD0}"
EndProject
Project("{FAE04EC0-301F-11D3-BF4B-00C04F79EFBC}") = "CSClient", "CustomerService\CSClient\CSClient.csproj", "{BE300DD5-27C6-42FC-ACBF-E35C5A3BF315}"
EndProject
Project("{FAE04EC0-301F-11D3-BF4B-00C04F79EFBC}") = "SuperSocket.SocketEngine.Net45", "SocketEngine\SuperSocket.SocketEngine.Net45.csproj", "{153FEF72-191C-43D9-BE71-2B351C7AC760}"
EndProject
Project("{FAE04EC0-301F-11D3-BF4B-00C04F79EFBC}") = "UtilLog", "Utillog\UtilLog.csproj", "{FA880C96-121F-4A45-85C2-37FE03381AC9}"
EndProject
Project("{FAE04EC0-301F-11D3-BF4B-00C04F79EFBC}") = "ConsoleApp1", "ConsoleApp1\ConsoleApp1.csproj", "{139EB747-C72C-4933-A9F5-62DC40F8FE3B}"
EndProject
Global
	GlobalSection(SolutionConfigurationPlatforms) = preSolution
		Debug|Any CPU = Debug|Any CPU
		HUIDU|Any CPU = HUIDU|Any CPU
		Release|Any CPU = Release|Any CPU
		TEST|Any CPU = TEST|Any CPU
	EndGlobalSection
	GlobalSection(ProjectConfigurationPlatforms) = postSolution
		{0942AE47-53A5-45D0-840E-8B8A31981AFA}.Debug|Any CPU.ActiveCfg = Debug|Any CPU
		{0942AE47-53A5-45D0-840E-8B8A31981AFA}.Debug|Any CPU.Build.0 = Debug|Any CPU
		{0942AE47-53A5-45D0-840E-8B8A31981AFA}.HUIDU|Any CPU.ActiveCfg = HUIDU|Any CPU
		{0942AE47-53A5-45D0-840E-8B8A31981AFA}.HUIDU|Any CPU.Build.0 = HUIDU|Any CPU
		{0942AE47-53A5-45D0-840E-8B8A31981AFA}.Release|Any CPU.ActiveCfg = Release|Any CPU
		{0942AE47-53A5-45D0-840E-8B8A31981AFA}.Release|Any CPU.Build.0 = Release|Any CPU
		{0942AE47-53A5-45D0-840E-8B8A31981AFA}.TEST|Any CPU.ActiveCfg = TEST|Any CPU
		{0942AE47-53A5-45D0-840E-8B8A31981AFA}.TEST|Any CPU.Build.0 = TEST|Any CPU
		{8BBFBE4A-B91A-4DCC-92D5-FB0436E2544F}.Debug|Any CPU.ActiveCfg = Debug|Any CPU
		{8BBFBE4A-B91A-4DCC-92D5-FB0436E2544F}.Debug|Any CPU.Build.0 = Debug|Any CPU
		{8BBFBE4A-B91A-4DCC-92D5-FB0436E2544F}.HUIDU|Any CPU.ActiveCfg = HUIDU|Any CPU
		{8BBFBE4A-B91A-4DCC-92D5-FB0436E2544F}.HUIDU|Any CPU.Build.0 = HUIDU|Any CPU
		{8BBFBE4A-B91A-4DCC-92D5-FB0436E2544F}.Release|Any CPU.ActiveCfg = Release|Any CPU
		{8BBFBE4A-B91A-4DCC-92D5-FB0436E2544F}.Release|Any CPU.Build.0 = Release|Any CPU
		{8BBFBE4A-B91A-4DCC-92D5-FB0436E2544F}.TEST|Any CPU.ActiveCfg = TEST|Any CPU
		{8BBFBE4A-B91A-4DCC-92D5-FB0436E2544F}.TEST|Any CPU.Build.0 = TEST|Any CPU
		{092DFE24-997A-41E3-9602-B5D52D3749DD}.Debug|Any CPU.ActiveCfg = Debug|Any CPU
		{092DFE24-997A-41E3-9602-B5D52D3749DD}.Debug|Any CPU.Build.0 = Debug|Any CPU
		{092DFE24-997A-41E3-9602-B5D52D3749DD}.HUIDU|Any CPU.ActiveCfg = HUIDU|Any CPU
		{092DFE24-997A-41E3-9602-B5D52D3749DD}.HUIDU|Any CPU.Build.0 = HUIDU|Any CPU
		{092DFE24-997A-41E3-9602-B5D52D3749DD}.Release|Any CPU.ActiveCfg = Release|Any CPU
		{092DFE24-997A-41E3-9602-B5D52D3749DD}.Release|Any CPU.Build.0 = Release|Any CPU
		{092DFE24-997A-41E3-9602-B5D52D3749DD}.TEST|Any CPU.ActiveCfg = TEST|Any CPU
		{092DFE24-997A-41E3-9602-B5D52D3749DD}.TEST|Any CPU.Build.0 = TEST|Any CPU
		{4A5BA2B0-8C34-4891-89BC-F1536AE424D1}.Debug|Any CPU.ActiveCfg = Debug|Any CPU
		{4A5BA2B0-8C34-4891-89BC-F1536AE424D1}.Debug|Any CPU.Build.0 = Debug|Any CPU
		{4A5BA2B0-8C34-4891-89BC-F1536AE424D1}.HUIDU|Any CPU.ActiveCfg = HUIDU|Any CPU
		{4A5BA2B0-8C34-4891-89BC-F1536AE424D1}.HUIDU|Any CPU.Build.0 = HUIDU|Any CPU
		{4A5BA2B0-8C34-4891-89BC-F1536AE424D1}.Release|Any CPU.ActiveCfg = Release|Any CPU
		{4A5BA2B0-8C34-4891-89BC-F1536AE424D1}.Release|Any CPU.Build.0 = Release|Any CPU
		{4A5BA2B0-8C34-4891-89BC-F1536AE424D1}.TEST|Any CPU.ActiveCfg = TEST|Any CPU
		{4A5BA2B0-8C34-4891-89BC-F1536AE424D1}.TEST|Any CPU.Build.0 = TEST|Any CPU
		{9F2EF0DD-AFF2-4733-A920-71A82935FB23}.Debug|Any CPU.ActiveCfg = Debug|Any CPU
		{9F2EF0DD-AFF2-4733-A920-71A82935FB23}.Debug|Any CPU.Build.0 = Debug|Any CPU
		{9F2EF0DD-AFF2-4733-A920-71A82935FB23}.HUIDU|Any CPU.ActiveCfg = HUIDU|Any CPU
		{9F2EF0DD-AFF2-4733-A920-71A82935FB23}.HUIDU|Any CPU.Build.0 = HUIDU|Any CPU
		{9F2EF0DD-AFF2-4733-A920-71A82935FB23}.Release|Any CPU.ActiveCfg = Release|Any CPU
		{9F2EF0DD-AFF2-4733-A920-71A82935FB23}.Release|Any CPU.Build.0 = Release|Any CPU
		{9F2EF0DD-AFF2-4733-A920-71A82935FB23}.TEST|Any CPU.ActiveCfg = TEST|Any CPU
		{9F2EF0DD-AFF2-4733-A920-71A82935FB23}.TEST|Any CPU.Build.0 = TEST|Any CPU
		{F92B3886-A0BC-4A73-8449-73C602B66056}.Debug|Any CPU.ActiveCfg = Debug|Any CPU
		{F92B3886-A0BC-4A73-8449-73C602B66056}.Debug|Any CPU.Build.0 = Debug|Any CPU
		{F92B3886-A0BC-4A73-8449-73C602B66056}.HUIDU|Any CPU.ActiveCfg = HUIDU|Any CPU
		{F92B3886-A0BC-4A73-8449-73C602B66056}.HUIDU|Any CPU.Build.0 = HUIDU|Any CPU
		{F92B3886-A0BC-4A73-8449-73C602B66056}.Release|Any CPU.ActiveCfg = Release|Any CPU
		{F92B3886-A0BC-4A73-8449-73C602B66056}.Release|Any CPU.Build.0 = Release|Any CPU
		{F92B3886-A0BC-4A73-8449-73C602B66056}.TEST|Any CPU.ActiveCfg = test|Any CPU
		{F92B3886-A0BC-4A73-8449-73C602B66056}.TEST|Any CPU.Build.0 = test|Any CPU
		{A18E926D-ABA4-4D79-BDE6-97474DF6BFDA}.Debug|Any CPU.ActiveCfg = Debug|Any CPU
		{A18E926D-ABA4-4D79-BDE6-97474DF6BFDA}.Debug|Any CPU.Build.0 = Debug|Any CPU
		{A18E926D-ABA4-4D79-BDE6-97474DF6BFDA}.HUIDU|Any CPU.ActiveCfg = HUIDU|Any CPU
		{A18E926D-ABA4-4D79-BDE6-97474DF6BFDA}.HUIDU|Any CPU.Build.0 = HUIDU|Any CPU
		{A18E926D-ABA4-4D79-BDE6-97474DF6BFDA}.Release|Any CPU.ActiveCfg = Release|Any CPU
		{A18E926D-ABA4-4D79-BDE6-97474DF6BFDA}.Release|Any CPU.Build.0 = Release|Any CPU
		{A18E926D-ABA4-4D79-BDE6-97474DF6BFDA}.TEST|Any CPU.ActiveCfg = TEST|Any CPU
		{A18E926D-ABA4-4D79-BDE6-97474DF6BFDA}.TEST|Any CPU.Build.0 = TEST|Any CPU
		{9FAC8515-AC93-4C8A-873B-368C89C1503B}.Debug|Any CPU.ActiveCfg = Debug|Any CPU
		{9FAC8515-AC93-4C8A-873B-368C89C1503B}.Debug|Any CPU.Build.0 = Debug|Any CPU
		{9FAC8515-AC93-4C8A-873B-368C89C1503B}.HUIDU|Any CPU.ActiveCfg = HUIDU|Any CPU
		{9FAC8515-AC93-4C8A-873B-368C89C1503B}.HUIDU|Any CPU.Build.0 = HUIDU|Any CPU
		{9FAC8515-AC93-4C8A-873B-368C89C1503B}.Release|Any CPU.ActiveCfg = Release|Any CPU
		{9FAC8515-AC93-4C8A-873B-368C89C1503B}.Release|Any CPU.Build.0 = Release|Any CPU
		{9FAC8515-AC93-4C8A-873B-368C89C1503B}.TEST|Any CPU.ActiveCfg = TEST|Any CPU
		{9FAC8515-AC93-4C8A-873B-368C89C1503B}.TEST|Any CPU.Build.0 = TEST|Any CPU
		{DFE86BF9-AE5C-46B9-8436-227285E75E6C}.Debug|Any CPU.ActiveCfg = Debug|Any CPU
		{DFE86BF9-AE5C-46B9-8436-227285E75E6C}.Debug|Any CPU.Build.0 = Debug|Any CPU
		{DFE86BF9-AE5C-46B9-8436-227285E75E6C}.HUIDU|Any CPU.ActiveCfg = HUIDU|Any CPU
		{DFE86BF9-AE5C-46B9-8436-227285E75E6C}.HUIDU|Any CPU.Build.0 = HUIDU|Any CPU
		{DFE86BF9-AE5C-46B9-8436-227285E75E6C}.Release|Any CPU.ActiveCfg = Release|Any CPU
		{DFE86BF9-AE5C-46B9-8436-227285E75E6C}.Release|Any CPU.Build.0 = Release|Any CPU
		{DFE86BF9-AE5C-46B9-8436-227285E75E6C}.TEST|Any CPU.ActiveCfg = TEST|Any CPU
		{DFE86BF9-AE5C-46B9-8436-227285E75E6C}.TEST|Any CPU.Build.0 = TEST|Any CPU
		{21119D1F-B00F-4936-9794-569F83DA5C03}.Debug|Any CPU.ActiveCfg = Debug|Any CPU
		{21119D1F-B00F-4936-9794-569F83DA5C03}.Debug|Any CPU.Build.0 = Debug|Any CPU
		{21119D1F-B00F-4936-9794-569F83DA5C03}.HUIDU|Any CPU.ActiveCfg = HUIDU|Any CPU
		{21119D1F-B00F-4936-9794-569F83DA5C03}.HUIDU|Any CPU.Build.0 = HUIDU|Any CPU
		{21119D1F-B00F-4936-9794-569F83DA5C03}.Release|Any CPU.ActiveCfg = Release|Any CPU
		{21119D1F-B00F-4936-9794-569F83DA5C03}.Release|Any CPU.Build.0 = Release|Any CPU
		{21119D1F-B00F-4936-9794-569F83DA5C03}.TEST|Any CPU.ActiveCfg = TEST|Any CPU
		{21119D1F-B00F-4936-9794-569F83DA5C03}.TEST|Any CPU.Build.0 = TEST|Any CPU
		{201E614B-7EAC-4FAD-820C-917ECE8BB1C1}.Debug|Any CPU.ActiveCfg = Debug|Any CPU
		{201E614B-7EAC-4FAD-820C-917ECE8BB1C1}.Debug|Any CPU.Build.0 = Debug|Any CPU
		{201E614B-7EAC-4FAD-820C-917ECE8BB1C1}.HUIDU|Any CPU.ActiveCfg = HUIDU|Any CPU
		{201E614B-7EAC-4FAD-820C-917ECE8BB1C1}.HUIDU|Any CPU.Build.0 = HUIDU|Any CPU
		{201E614B-7EAC-4FAD-820C-917ECE8BB1C1}.Release|Any CPU.ActiveCfg = Release|Any CPU
		{201E614B-7EAC-4FAD-820C-917ECE8BB1C1}.Release|Any CPU.Build.0 = Release|Any CPU
		{201E614B-7EAC-4FAD-820C-917ECE8BB1C1}.TEST|Any CPU.ActiveCfg = Test|Any CPU
		{201E614B-7EAC-4FAD-820C-917ECE8BB1C1}.TEST|Any CPU.Build.0 = Test|Any CPU
		{2C56B218-D689-4795-B666-BA5FF3134387}.Debug|Any CPU.ActiveCfg = Debug|Any CPU
		{2C56B218-D689-4795-B666-BA5FF3134387}.Debug|Any CPU.Build.0 = Debug|Any CPU
		{2C56B218-D689-4795-B666-BA5FF3134387}.HUIDU|Any CPU.ActiveCfg = HUIDU|Any CPU
		{2C56B218-D689-4795-B666-BA5FF3134387}.HUIDU|Any CPU.Build.0 = HUIDU|Any CPU
		{2C56B218-D689-4795-B666-BA5FF3134387}.Release|Any CPU.ActiveCfg = Release|Any CPU
		{2C56B218-D689-4795-B666-BA5FF3134387}.Release|Any CPU.Build.0 = Release|Any CPU
		{2C56B218-D689-4795-B666-BA5FF3134387}.TEST|Any CPU.ActiveCfg = Test|Any CPU
		{2C56B218-D689-4795-B666-BA5FF3134387}.TEST|Any CPU.Build.0 = Test|Any CPU
		{FD58F582-A740-4A07-AE7E-DB37E7EC6537}.Debug|Any CPU.ActiveCfg = Debug|Any CPU
		{FD58F582-A740-4A07-AE7E-DB37E7EC6537}.Debug|Any CPU.Build.0 = Debug|Any CPU
		{FD58F582-A740-4A07-AE7E-DB37E7EC6537}.HUIDU|Any CPU.ActiveCfg = HUIDU|Any CPU
		{FD58F582-A740-4A07-AE7E-DB37E7EC6537}.HUIDU|Any CPU.Build.0 = HUIDU|Any CPU
		{FD58F582-A740-4A07-AE7E-DB37E7EC6537}.Release|Any CPU.ActiveCfg = Release|Any CPU
		{FD58F582-A740-4A07-AE7E-DB37E7EC6537}.Release|Any CPU.Build.0 = Release|Any CPU
		{FD58F582-A740-4A07-AE7E-DB37E7EC6537}.TEST|Any CPU.ActiveCfg = Test|Any CPU
		{FD58F582-A740-4A07-AE7E-DB37E7EC6537}.TEST|Any CPU.Build.0 = Test|Any CPU
		{2C55F559-9171-4583-B79B-FC0E6DD8A176}.Debug|Any CPU.ActiveCfg = Debug|Any CPU
		{2C55F559-9171-4583-B79B-FC0E6DD8A176}.Debug|Any CPU.Build.0 = Debug|Any CPU
		{2C55F559-9171-4583-B79B-FC0E6DD8A176}.HUIDU|Any CPU.ActiveCfg = HUIDU|Any CPU
		{2C55F559-9171-4583-B79B-FC0E6DD8A176}.HUIDU|Any CPU.Build.0 = HUIDU|Any CPU
		{2C55F559-9171-4583-B79B-FC0E6DD8A176}.Release|Any CPU.ActiveCfg = Release|Any CPU
		{2C55F559-9171-4583-B79B-FC0E6DD8A176}.Release|Any CPU.Build.0 = Release|Any CPU
		{2C55F559-9171-4583-B79B-FC0E6DD8A176}.TEST|Any CPU.ActiveCfg = Test|Any CPU
		{2C55F559-9171-4583-B79B-FC0E6DD8A176}.TEST|Any CPU.Build.0 = Test|Any CPU
		{68E97FE2-10F9-49AE-974E-3E4721FF1889}.Debug|Any CPU.ActiveCfg = Debug|Any CPU
		{68E97FE2-10F9-49AE-974E-3E4721FF1889}.Debug|Any CPU.Build.0 = Debug|Any CPU
		{68E97FE2-10F9-49AE-974E-3E4721FF1889}.HUIDU|Any CPU.ActiveCfg = HUIDU|Any CPU
		{68E97FE2-10F9-49AE-974E-3E4721FF1889}.HUIDU|Any CPU.Build.0 = HUIDU|Any CPU
		{68E97FE2-10F9-49AE-974E-3E4721FF1889}.Release|Any CPU.ActiveCfg = Release|Any CPU
		{68E97FE2-10F9-49AE-974E-3E4721FF1889}.Release|Any CPU.Build.0 = Release|Any CPU
		{68E97FE2-10F9-49AE-974E-3E4721FF1889}.TEST|Any CPU.ActiveCfg = Test|Any CPU
		{68E97FE2-10F9-49AE-974E-3E4721FF1889}.TEST|Any CPU.Build.0 = Test|Any CPU
		{A24F4D38-BA9C-4FD6-95B7-4980DE36131A}.Debug|Any CPU.ActiveCfg = Debug|Any CPU
		{A24F4D38-BA9C-4FD6-95B7-4980DE36131A}.Debug|Any CPU.Build.0 = Debug|Any CPU
		{A24F4D38-BA9C-4FD6-95B7-4980DE36131A}.HUIDU|Any CPU.ActiveCfg = HUIDU|Any CPU
		{A24F4D38-BA9C-4FD6-95B7-4980DE36131A}.HUIDU|Any CPU.Build.0 = HUIDU|Any CPU
		{A24F4D38-BA9C-4FD6-95B7-4980DE36131A}.Release|Any CPU.ActiveCfg = Release|Any CPU
		{A24F4D38-BA9C-4FD6-95B7-4980DE36131A}.Release|Any CPU.Build.0 = Release|Any CPU
		{A24F4D38-BA9C-4FD6-95B7-4980DE36131A}.TEST|Any CPU.ActiveCfg = Test|Any CPU
		{A24F4D38-BA9C-4FD6-95B7-4980DE36131A}.TEST|Any CPU.Build.0 = Test|Any CPU
		{01987BAC-C498-44DD-B274-62EA2506B51D}.Debug|Any CPU.ActiveCfg = Debug|Any CPU
		{01987BAC-C498-44DD-B274-62EA2506B51D}.Debug|Any CPU.Build.0 = Debug|Any CPU
		{01987BAC-C498-44DD-B274-62EA2506B51D}.HUIDU|Any CPU.ActiveCfg = HUIDU|Any CPU
		{01987BAC-C498-44DD-B274-62EA2506B51D}.HUIDU|Any CPU.Build.0 = HUIDU|Any CPU
		{01987BAC-C498-44DD-B274-62EA2506B51D}.Release|Any CPU.ActiveCfg = Release|Any CPU
		{01987BAC-C498-44DD-B274-62EA2506B51D}.Release|Any CPU.Build.0 = Release|Any CPU
		{01987BAC-C498-44DD-B274-62EA2506B51D}.TEST|Any CPU.ActiveCfg = Test|Any CPU
		{01987BAC-C498-44DD-B274-62EA2506B51D}.TEST|Any CPU.Build.0 = Test|Any CPU
		{40B77789-EA11-4C05-8F52-86711D7BCAAF}.Debug|Any CPU.ActiveCfg = Debug|Any CPU
		{40B77789-EA11-4C05-8F52-86711D7BCAAF}.Debug|Any CPU.Build.0 = Debug|Any CPU
		{40B77789-EA11-4C05-8F52-86711D7BCAAF}.HUIDU|Any CPU.ActiveCfg = HUIDU|Any CPU
		{40B77789-EA11-4C05-8F52-86711D7BCAAF}.HUIDU|Any CPU.Build.0 = HUIDU|Any CPU
		{40B77789-EA11-4C05-8F52-86711D7BCAAF}.Release|Any CPU.ActiveCfg = Release|Any CPU
		{40B77789-EA11-4C05-8F52-86711D7BCAAF}.Release|Any CPU.Build.0 = Release|Any CPU
		{40B77789-EA11-4C05-8F52-86711D7BCAAF}.TEST|Any CPU.ActiveCfg = Test|Any CPU
		{40B77789-EA11-4C05-8F52-86711D7BCAAF}.TEST|Any CPU.Build.0 = Test|Any CPU
		{BE300DD5-27C6-42FC-ACBF-E35C5A3BF315}.Debug|Any CPU.ActiveCfg = Debug|Any CPU
		{BE300DD5-27C6-42FC-ACBF-E35C5A3BF315}.Debug|Any CPU.Build.0 = Debug|Any CPU
		{BE300DD5-27C6-42FC-ACBF-E35C5A3BF315}.HUIDU|Any CPU.ActiveCfg = HUIDU|Any CPU
		{BE300DD5-27C6-42FC-ACBF-E35C5A3BF315}.HUIDU|Any CPU.Build.0 = HUIDU|Any CPU
		{BE300DD5-27C6-42FC-ACBF-E35C5A3BF315}.Release|Any CPU.ActiveCfg = Release|Any CPU
		{BE300DD5-27C6-42FC-ACBF-E35C5A3BF315}.Release|Any CPU.Build.0 = Release|Any CPU
		{BE300DD5-27C6-42FC-ACBF-E35C5A3BF315}.TEST|Any CPU.ActiveCfg = Test|Any CPU
		{BE300DD5-27C6-42FC-ACBF-E35C5A3BF315}.TEST|Any CPU.Build.0 = Test|Any CPU
		{153FEF72-191C-43D9-BE71-2B351C7AC760}.Debug|Any CPU.ActiveCfg = Debug|Any CPU
		{153FEF72-191C-43D9-BE71-2B351C7AC760}.Debug|Any CPU.Build.0 = Debug|Any CPU
		{153FEF72-191C-43D9-BE71-2B351C7AC760}.HUIDU|Any CPU.ActiveCfg = HUIDU|Any CPU
		{153FEF72-191C-43D9-BE71-2B351C7AC760}.HUIDU|Any CPU.Build.0 = HUIDU|Any CPU
		{153FEF72-191C-43D9-BE71-2B351C7AC760}.Release|Any CPU.ActiveCfg = Release|Any CPU
		{153FEF72-191C-43D9-BE71-2B351C7AC760}.Release|Any CPU.Build.0 = Release|Any CPU
		{153FEF72-191C-43D9-BE71-2B351C7AC760}.TEST|Any CPU.ActiveCfg = Test|Any CPU
		{153FEF72-191C-43D9-BE71-2B351C7AC760}.TEST|Any CPU.Build.0 = Test|Any CPU
		{FA880C96-121F-4A45-85C2-37FE03381AC9}.Debug|Any CPU.ActiveCfg = Debug|Any CPU
		{FA880C96-121F-4A45-85C2-37FE03381AC9}.Debug|Any CPU.Build.0 = Debug|Any CPU
		{FA880C96-121F-4A45-85C2-37FE03381AC9}.HUIDU|Any CPU.ActiveCfg = HUIDU|Any CPU
		{FA880C96-121F-4A45-85C2-37FE03381AC9}.HUIDU|Any CPU.Build.0 = HUIDU|Any CPU
		{FA880C96-121F-4A45-85C2-37FE03381AC9}.Release|Any CPU.ActiveCfg = Release|Any CPU
		{FA880C96-121F-4A45-85C2-37FE03381AC9}.Release|Any CPU.Build.0 = Release|Any CPU
		{FA880C96-121F-4A45-85C2-37FE03381AC9}.TEST|Any CPU.ActiveCfg = TEST|Any CPU
		{FA880C96-121F-4A45-85C2-37FE03381AC9}.TEST|Any CPU.Build.0 = TEST|Any CPU
		{139EB747-C72C-4933-A9F5-62DC40F8FE3B}.Debug|Any CPU.ActiveCfg = Debug|Any CPU
		{139EB747-C72C-4933-A9F5-62DC40F8FE3B}.Debug|Any CPU.Build.0 = Debug|Any CPU
		{139EB747-C72C-4933-A9F5-62DC40F8FE3B}.HUIDU|Any CPU.ActiveCfg = Release|Any CPU
		{139EB747-C72C-4933-A9F5-62DC40F8FE3B}.Release|Any CPU.ActiveCfg = Release|Any CPU
		{139EB747-C72C-4933-A9F5-62DC40F8FE3B}.Release|Any CPU.Build.0 = Release|Any CPU
		{139EB747-C72C-4933-A9F5-62DC40F8FE3B}.TEST|Any CPU.ActiveCfg = Release|Any CPU
		{139EB747-C72C-4933-A9F5-62DC40F8FE3B}.TEST|Any CPU.Build.0 = Release|Any CPU
	EndGlobalSection
	GlobalSection(SolutionProperties) = preSolution
		HideSolutionNode = FALSE
	EndGlobalSection
	GlobalSection(NestedProjects) = preSolution
		{2C56B218-D689-4795-B666-BA5FF3134387} = {CAC77836-7320-4482-AF86-1C7DE17F1873}
		{FD58F582-A740-4A07-AE7E-DB37E7EC6537} = {CAC77836-7320-4482-AF86-1C7DE17F1873}
		{2C55F559-9171-4583-B79B-FC0E6DD8A176} = {CAC77836-7320-4482-AF86-1C7DE17F1873}
		{68E97FE2-10F9-49AE-974E-3E4721FF1889} = {CAC77836-7320-4482-AF86-1C7DE17F1873}
		{BE300DD5-27C6-42FC-ACBF-E35C5A3BF315} = {BD0BEDAB-3B95-4FE6-96B8-DAA6D5FF9FD0}
	EndGlobalSection
	GlobalSection(ExtensibilityGlobals) = postSolution
		SolutionGuid = {6A97CE14-4B81-4557-97B1-C194D0A31344}
	EndGlobalSection
EndGlobal
